Microsoft Visual Studio Solution File, Format Version 12.00
# Visual Studio Version 17
VisualStudioVersion = 17.5.2.0
MinimumVisualStudioVersion = 10.0.40219.1
Project("{FAE04EC0-301F-11D3-BF4B-00C04F79EFBC}") = "QuizGameServer", "QuizGameServer.csproj", "{74101411-A4BF-0987-F170-24E1CEEDB860}"
EndProject
Global
	GlobalSection(SolutionConfigurationPlatforms) = preSolution
		Debug|Any CPU = Debug|Any CPU
		Release|Any CPU = Release|Any CPU
	EndGlobalSection
	GlobalSection(ProjectConfigurationPlatforms) = postSolution
		{74101411-A4BF-0987-F170-24E1CEEDB860}.Debug|Any CPU.ActiveCfg = Debug|Any CPU
		{74101411-A4BF-0987-F170-24E1CEEDB860}.Debug|Any CPU.Build.0 = Debug|Any CPU
		{74101411-A4BF-0987-F170-24E1CEEDB860}.Release|Any CPU.ActiveCfg = Release|Any CPU
		{74101411-A4BF-0987-F170-24E1CEEDB860}.Release|Any CPU.Build.0 = Release|Any CPU
	EndGlobalSection
	GlobalSection(SolutionProperties) = preSolution
		HideSolutionNode = FALSE
	EndGlobalSection
	GlobalSection(ExtensibilityGlobals) = postSolution
		SolutionGuid = {46B6BA27-B315-4560-94D9-3F3C16125035}
	EndGlobalSection
EndGlobal
